
Microsoft Visual Studio Solution File, Format Version 12.00
# Visual Studio Version 16
VisualStudioVersion = 16.0.29920.165
MinimumVisualStudioVersion = 10.0.40219.1
Project("{FAE04EC0-301F-11D3-BF4B-00C04F79EFBC}") = "Izlaz iz lavirinta", "Izlaz iz lavirinta\Izlaz iz lavirinta.csproj", "{51BF1875-44F3-42E5-8607-EA3AE6A60FE9}"
EndProject
Global
	GlobalSection(SolutionConfigurationPlatforms) = preSolution
		Debug|Any CPU = Debug|Any CPU
		Release|Any CPU = Release|Any CPU
	EndGlobalSection
	GlobalSection(ProjectConfigurationPlatforms) = postSolution
		{51BF1875-44F3-42E5-8607-EA3AE6A60FE9}.Debug|Any CPU.ActiveCfg = Debug|Any CPU
		{51BF1875-44F3-42E5-8607-EA3AE6A60FE9}.Debug|Any CPU.Build.0 = Debug|Any CPU
		{51BF1875-44F3-42E5-8607-EA3AE6A60FE9}.Release|Any CPU.ActiveCfg = Release|Any CPU
		{51BF1875-44F3-42E5-8607-EA3AE6A60FE9}.Release|Any CPU.Build.0 = Release|Any CPU
	EndGlobalSection
	GlobalSection(SolutionProperties) = preSolution
		HideSolutionNode = FALSE
	EndGlobalSection
	GlobalSection(ExtensibilityGlobals) = postSolution
		SolutionGuid = {C830C626-0AAF-41E6-B9C7-C1AFB1D1CFBF}
	EndGlobalSection
EndGlobal
